
Microsoft Visual Studio Solution File, Format Version 12.00
# Visual Studio Version 17
VisualStudioVersion = 17.9.34714.143
MinimumVisualStudioVersion = 10.0.40219.1
Project("{FAE04EC0-301F-11D3-BF4B-00C04F79EFBC}") = "CSPractice2", "CSPractice2\CSPractice2.csproj", "{A7F7E4B5-EFB0-4A34-8CDB-20EFCB7F7BE8}"
EndProject
Global
	GlobalSection(SolutionConfigurationPlatforms) = preSolution
		Debug|Any CPU = Debug|Any CPU
		Release|Any CPU = Release|Any CPU
	EndGlobalSection
	GlobalSection(ProjectConfigurationPlatforms) = postSolution
		{A7F7E4B5-EFB0-4A34-8CDB-20EFCB7F7BE8}.Debug|Any CPU.ActiveCfg = Debug|Any CPU
		{A7F7E4B5-EFB0-4A34-8CDB-20EFCB7F7BE8}.Debug|Any CPU.Build.0 = Debug|Any CPU
		{A7F7E4B5-EFB0-4A34-8CDB-20EFCB7F7BE8}.Release|Any CPU.ActiveCfg = Release|Any CPU
		{A7F7E4B5-EFB0-4A34-8CDB-20EFCB7F7BE8}.Release|Any CPU.Build.0 = Release|Any CPU
	EndGlobalSection
	GlobalSection(SolutionProperties) = preSolution
		HideSolutionNode = FALSE
	EndGlobalSection
	GlobalSection(ExtensibilityGlobals) = postSolution
		SolutionGuid = {0240DD3D-DE0A-4CD5-9034-3055698F94E3}
	EndGlobalSection
EndGlobal
